
Microsoft Visual Studio Solution File, Format Version 12.00
# Visual Studio Version 16
VisualStudioVersion = 16.0.33214.272
MinimumVisualStudioVersion = 10.0.40219.1
Project("{FAE04EC0-301F-11D3-BF4B-00C04F79EFBC}") = "PgsqlAPI", "PgsqlAPI.csproj", "{1F9A0C35-B2EB-403E-9AA6-1E9F31E0CB9A}"
EndProject
Global
	GlobalSection(SolutionConfigurationPlatforms) = preSolution
		Debug|Any CPU = Debug|Any CPU
		Release|Any CPU = Release|Any CPU
	EndGlobalSection
	GlobalSection(ProjectConfigurationPlatforms) = postSolution
		{1F9A0C35-B2EB-403E-9AA6-1E9F31E0CB9A}.Debug|Any CPU.ActiveCfg = Debug|Any CPU
		{1F9A0C35-B2EB-403E-9AA6-1E9F31E0CB9A}.Debug|Any CPU.Build.0 = Debug|Any CPU
		{1F9A0C35-B2EB-403E-9AA6-1E9F31E0CB9A}.Release|Any CPU.ActiveCfg = Release|Any CPU
		{1F9A0C35-B2EB-403E-9AA6-1E9F31E0CB9A}.Release|Any CPU.Build.0 = Release|Any CPU
	EndGlobalSection
	GlobalSection(SolutionProperties) = preSolution
		HideSolutionNode = FALSE
	EndGlobalSection
	GlobalSection(ExtensibilityGlobals) = postSolution
		SolutionGuid = {0AE62E30-C0E5-4975-A73B-70554FCB4FBB}
	EndGlobalSection
EndGlobal
